
Microsoft Visual Studio Solution File, Format Version 12.00
# Visual Studio Version 16
VisualStudioVersion = 25.0.1706.12
MinimumVisualStudioVersion = 10.0.40219.1
Project("{FAE04EC0-301F-11D3-BF4B-00C04F79EFBC}") = "practicing", "practicing\practicing.csproj", "{89E6B464-5B61-47AF-97F7-371F7612F828}"
EndProject
Global
	GlobalSection(SolutionConfigurationPlatforms) = preSolution
		Debug|Any CPU = Debug|Any CPU
		Release|Any CPU = Release|Any CPU
	EndGlobalSection
	GlobalSection(ProjectConfigurationPlatforms) = postSolution
		{89E6B464-5B61-47AF-97F7-371F7612F828}.Debug|Any CPU.ActiveCfg = Debug|Any CPU
		{89E6B464-5B61-47AF-97F7-371F7612F828}.Debug|Any CPU.Build.0 = Debug|Any CPU
		{89E6B464-5B61-47AF-97F7-371F7612F828}.Release|Any CPU.ActiveCfg = Release|Any CPU
		{89E6B464-5B61-47AF-97F7-371F7612F828}.Release|Any CPU.Build.0 = Release|Any CPU
	EndGlobalSection
	GlobalSection(SolutionProperties) = preSolution
		HideSolutionNode = FALSE
	EndGlobalSection
	GlobalSection(ExtensibilityGlobals) = postSolution
		SolutionGuid = {006C6DEA-0201-493D-9D3C-722268BE9761}
	EndGlobalSection
EndGlobal
